
Microsoft Visual Studio Solution File, Format Version 12.00
# Visual Studio 15
VisualStudioVersion = 15.0.27004.2006
MinimumVisualStudioVersion = 10.0.40219.1
Project("{FAE04EC0-301F-11D3-BF4B-00C04F79EFBC}") = "Quanta.Client", "Quanta.Client\Quanta.Client.csproj", "{CF341CE6-B9E6-400A-9674-BA98761A97FC}"
EndProject
Project("{FAE04EC0-301F-11D3-BF4B-00C04F79EFBC}") = "Quanta.Server", "Quanta.Server\Quanta.Server.csproj", "{A271319C-F663-45EE-98EF-0DC47A214682}"
EndProject
Project("{FAE04EC0-301F-11D3-BF4B-00C04F79EFBC}") = "Quanta.Utilities", "Quanta.Utilities\Quanta.Utilities.csproj", "{D7114687-508E-4461-B002-A03940864047}"
EndProject
Global
	GlobalSection(SolutionConfigurationPlatforms) = preSolution
		Debug|Any CPU = Debug|Any CPU
		Release|Any CPU = Release|Any CPU
	EndGlobalSection
	GlobalSection(ProjectConfigurationPlatforms) = postSolution
		{CF341CE6-B9E6-400A-9674-BA98761A97FC}.Debug|Any CPU.ActiveCfg = Debug|Any CPU
		{CF341CE6-B9E6-400A-9674-BA98761A97FC}.Debug|Any CPU.Build.0 = Debug|Any CPU
		{CF341CE6-B9E6-400A-9674-BA98761A97FC}.Release|Any CPU.ActiveCfg = Release|Any CPU
		{CF341CE6-B9E6-400A-9674-BA98761A97FC}.Release|Any CPU.Build.0 = Release|Any CPU
		{A271319C-F663-45EE-98EF-0DC47A214682}.Debug|Any CPU.ActiveCfg = Debug|Any CPU
		{A271319C-F663-45EE-98EF-0DC47A214682}.Debug|Any CPU.Build.0 = Debug|Any CPU
		{A271319C-F663-45EE-98EF-0DC47A214682}.Release|Any CPU.ActiveCfg = Release|Any CPU
		{A271319C-F663-45EE-98EF-0DC47A214682}.Release|Any CPU.Build.0 = Release|Any CPU
		{D7114687-508E-4461-B002-A03940864047}.Debug|Any CPU.ActiveCfg = Debug|Any CPU
		{D7114687-508E-4461-B002-A03940864047}.Debug|Any CPU.Build.0 = Debug|Any CPU
		{D7114687-508E-4461-B002-A03940864047}.Release|Any CPU.ActiveCfg = Release|Any CPU
		{D7114687-508E-4461-B002-A03940864047}.Release|Any CPU.Build.0 = Release|Any CPU
	EndGlobalSection
	GlobalSection(SolutionProperties) = preSolution
		HideSolutionNode = FALSE
	EndGlobalSection
	GlobalSection(ExtensibilityGlobals) = postSolution
		SolutionGuid = {B8B61208-04E7-4EAD-ABA0-6837AB5108EB}
	EndGlobalSection
EndGlobal
